
Microsoft Visual Studio Solution File, Format Version 12.00
# Visual Studio Version 16
VisualStudioVersion = 16.0.31605.320
MinimumVisualStudioVersion = 10.0.40219.1
Project("{FAE04EC0-301F-11D3-BF4B-00C04F79EFBC}") = "WebApplication1", "WebApplication1\WebApplication1.csproj", "{A96389CD-1A92-48DF-A5B4-B1AD3AACF72A}"
EndProject
Global
	GlobalSection(SolutionConfigurationPlatforms) = preSolution
		Debug|Any CPU = Debug|Any CPU
		Release|Any CPU = Release|Any CPU
	EndGlobalSection
	GlobalSection(ProjectConfigurationPlatforms) = postSolution
		{A96389CD-1A92-48DF-A5B4-B1AD3AACF72A}.Debug|Any CPU.ActiveCfg = Debug|Any CPU
		{A96389CD-1A92-48DF-A5B4-B1AD3AACF72A}.Debug|Any CPU.Build.0 = Debug|Any CPU
		{A96389CD-1A92-48DF-A5B4-B1AD3AACF72A}.Release|Any CPU.ActiveCfg = Release|Any CPU
		{A96389CD-1A92-48DF-A5B4-B1AD3AACF72A}.Release|Any CPU.Build.0 = Release|Any CPU
	EndGlobalSection
	GlobalSection(SolutionProperties) = preSolution
		HideSolutionNode = FALSE
	EndGlobalSection
	GlobalSection(ExtensibilityGlobals) = postSolution
		SolutionGuid = {4DE5824E-6839-44FA-BD2C-739F61D7CBDC}
	EndGlobalSection
EndGlobal
